
Microsoft Visual Studio Solution File, Format Version 12.00
# Visual Studio Version 17
VisualStudioVersion = 17.0.32112.339
MinimumVisualStudioVersion = 10.0.40219.1
Project("{FAE04EC0-301F-11D3-BF4B-00C04F79EFBC}") = "FilmesAPI", "FilmesAPI.csproj", "{6DF04989-7004-476B-A0CE-538147099ADB}"
EndProject
Global
	GlobalSection(SolutionConfigurationPlatforms) = preSolution
		Debug|Any CPU = Debug|Any CPU
		Release|Any CPU = Release|Any CPU
	EndGlobalSection
	GlobalSection(ProjectConfigurationPlatforms) = postSolution
		{6DF04989-7004-476B-A0CE-538147099ADB}.Debug|Any CPU.ActiveCfg = Debug|Any CPU
		{6DF04989-7004-476B-A0CE-538147099ADB}.Debug|Any CPU.Build.0 = Debug|Any CPU
		{6DF04989-7004-476B-A0CE-538147099ADB}.Release|Any CPU.ActiveCfg = Release|Any CPU
		{6DF04989-7004-476B-A0CE-538147099ADB}.Release|Any CPU.Build.0 = Release|Any CPU
	EndGlobalSection
	GlobalSection(SolutionProperties) = preSolution
		HideSolutionNode = FALSE
	EndGlobalSection
	GlobalSection(ExtensibilityGlobals) = postSolution
		SolutionGuid = {94DDA700-4C57-4677-BCCE-87DC8F571FD8}
	EndGlobalSection
EndGlobal
